
Microsoft Visual Studio Solution File, Format Version 12.00
Project("{FAE04EC0-301F-11D3-BF4B-00C04F79EFBC}") = "Triangles", "Triangles\Triangles.csproj", "{36FB8CDD-F19A-45E3-972B-887ABDE3CBCE}"
EndProject
Project("{FAE04EC0-301F-11D3-BF4B-00C04F79EFBC}") = "TrianglesTests", "TrianglesTests\TrianglesTests.csproj", "{6326F86C-A1AE-47BB-A74A-FE67D03B8CDE}"
EndProject
Global
	GlobalSection(SolutionConfigurationPlatforms) = preSolution
		Debug|Any CPU = Debug|Any CPU
		Release|Any CPU = Release|Any CPU
	EndGlobalSection
	GlobalSection(ProjectConfigurationPlatforms) = postSolution
		{36FB8CDD-F19A-45E3-972B-887ABDE3CBCE}.Debug|Any CPU.ActiveCfg = Debug|Any CPU
		{36FB8CDD-F19A-45E3-972B-887ABDE3CBCE}.Debug|Any CPU.Build.0 = Debug|Any CPU
		{36FB8CDD-F19A-45E3-972B-887ABDE3CBCE}.Release|Any CPU.ActiveCfg = Release|Any CPU
		{36FB8CDD-F19A-45E3-972B-887ABDE3CBCE}.Release|Any CPU.Build.0 = Release|Any CPU
		{6326F86C-A1AE-47BB-A74A-FE67D03B8CDE}.Debug|Any CPU.ActiveCfg = Debug|Any CPU
		{6326F86C-A1AE-47BB-A74A-FE67D03B8CDE}.Debug|Any CPU.Build.0 = Debug|Any CPU
		{6326F86C-A1AE-47BB-A74A-FE67D03B8CDE}.Release|Any CPU.ActiveCfg = Release|Any CPU
		{6326F86C-A1AE-47BB-A74A-FE67D03B8CDE}.Release|Any CPU.Build.0 = Release|Any CPU
	EndGlobalSection
EndGlobal
